PODS:
  - Alamofire (4.9.1)
  - ARCL (1.3.0)
  - SwiftyJSON (5.0.0)

DEPENDENCIES:
  - Alamofire
  - ARCL
  - SwiftyJSON

SPEC REPOS:
  trunk:
    - Alamofire
    - ARCL
    - SwiftyJSON

SPEC CHECKSUMS:
  Alamofire: 85e8a02c69d6020a0d734f6054870d7ecb75cf18
  ARCL: db48b6927d6f3f49f29568295ed91c94ab8d4aab
  SwiftyJSON: 36413e04c44ee145039d332b4f4e2d3e8d6c4db7

PODFILE CHECKSUM: 53ffb2414fe573f0e4ffc62b63ce84ebcc28e554

COCOAPODS: 1.8.4
