PODS:
  - Alamofire (4.9.1)
  - ARCL (1.3.0)
  - SwiftyJSON (5.0.0)

DEPENDENCIES:
  - Alamofire
  - ARCL
  - SwiftyJSON

SPEC REPOS:
  https://github.com/cocoapods/specs.git:
    - Alamofire
    - ARCL
    - SwiftyJSON

SPEC CHECKSUMS:
  Alamofire: 85e8a02c69d6020a0d734f6054870d7ecb75cf18
  ARCL: db48b6927d6f3f49f29568295ed91c94ab8d4aab
  SwiftyJSON: 36413e04c44ee145039d332b4f4e2d3e8d6c4db7

PODFILE CHECKSUM: 5169dce7181d29217720894d6c48c0b434099ffd

COCOAPODS: 1.7.5
