// !$*UTF8*$!
{
	archiveVersion = 1;
	classes = {
	};
	objectVersion = 51;
	objects = {

/* Begin PBXBuildFile section */
		3A0B8C1F239E5197003BBEDC /* AppDelegate.swift in Sources */ = {isa = PBXBuildFile; fileRef = 3A0B8C1E239E5197003BBEDC /* AppDelegate.swift */; };
		3A0B8C21239E5197003BBEDC /* Scene.sks in Resources */ = {isa = PBXBuildFile; fileRef = 3A0B8C20239E5197003BBEDC /* Scene.sks */; };
		3A0B8C23239E5197003BBEDC /* Scene.swift in Sources */ = {isa = PBXBuildFile; fileRef = 3A0B8C22239E5197003BBEDC /* Scene.swift */; };
		3A0B8C25239E5197003BBEDC /* ViewController.swift in Sources */ = {isa = PBXBuildFile; fileRef = 3A0B8C24239E5197003BBEDC /* ViewController.swift */; };
		3A0B8C28239E5197003BBEDC /* Main.storyboard in Resources */ = {isa = PBXBuildFile; fileRef = 3A0B8C26239E5197003BBEDC /* Main.storyboard */; };
		3A0B8C2A239E5198003BBEDC /* Assets.xcassets in Resources */ = {isa = PBXBuildFile; fileRef = 3A0B8C29239E5198003BBEDC /* Assets.xcassets */; };
		3A0B8C2D239E5198003BBEDC /* LaunchScreen.storyboard in Resources */ = {isa = PBXBuildFile; fileRef = 3A0B8C2B239E5198003BBEDC /* LaunchScreen.storyboard */; };
		3A0B8C5C239E6337003BBEDC /* map_pinup_custom@3x.png in Resources */ = {isa = PBXBuildFile; fileRef = 3A0B8C37239E6337003BBEDC /* map_pinup_custom@3x.png */; };
		3A0B8C5D239E6337003BBEDC /* map_pin_custom.png in Resources */ = {isa = PBXBuildFile; fileRef = 3A0B8C38239E6337003BBEDC /* map_pin_custom.png */; };
		3A0B8C5E239E6337003BBEDC /* shadow_balloon.png in Resources */ = {isa = PBXBuildFile; fileRef = 3A0B8C39239E6337003BBEDC /* shadow_balloon.png */; };
		3A0B8C5F239E6337003BBEDC /* map_pinup.png in Resources */ = {isa = PBXBuildFile; fileRef = 3A0B8C3A239E6337003BBEDC /* map_pinup.png */; };
		3A0B8C60239E6337003BBEDC /* detail_button.png in Resources */ = {isa = PBXBuildFile; fileRef = 3A0B8C3B239E6337003BBEDC /* detail_button.png */; };
		3A0B8C61239E6337003BBEDC /* map_pin_custom@3x.png in Resources */ = {isa = PBXBuildFile; fileRef = 3A0B8C3C239E6337003BBEDC /* map_pin_custom@3x.png */; };
		3A0B8C62239E6337003BBEDC /* map_pinup@3x.png in Resources */ = {isa = PBXBuildFile; fileRef = 3A0B8C3D239E6337003BBEDC /* map_pinup@3x.png */; };
		3A0B8C63239E6337003BBEDC /* map_pin_shadow@3x.png in Resources */ = {isa = PBXBuildFile; fileRef = 3A0B8C3E239E6337003BBEDC /* map_pin_shadow@3x.png */; };
		3A0B8C64239E6337003BBEDC /* copyright.png in Resources */ = {isa = PBXBuildFile; fileRef = 3A0B8C3F239E6337003BBEDC /* copyright.png */; };
		3A0B8C65239E6337003BBEDC /* th_line.png in Resources */ = {isa = PBXBuildFile; fileRef = 3A0B8C40239E6337003BBEDC /* th_line.png */; };
		3A0B8C66239E6337003BBEDC /* map_pin_red@3x.png in Resources */ = {isa = PBXBuildFile; fileRef = 3A0B8C41239E6337003BBEDC /* map_pin_red@3x.png */; };
		3A0B8C67239E6337003BBEDC /* daum_copyright.png in Resources */ = {isa = PBXBuildFile; fileRef = 3A0B8C42239E6337003BBEDC /* daum_copyright.png */; };
		3A0B8C68239E6337003BBEDC /* map_pin@3x.png in Resources */ = {isa = PBXBuildFile; fileRef = 3A0B8C43239E6337003BBEDC /* map_pin@3x.png */; };
		3A0B8C69239E6337003BBEDC /* map_present_tracking.png in Resources */ = {isa = PBXBuildFile; fileRef = 3A0B8C44239E6337003BBEDC /* map_present_tracking.png */; };
		3A0B8C6A239E6337003BBEDC /* map_pin_red.png in Resources */ = {isa = PBXBuildFile; fileRef = 3A0B8C45239E6337003BBEDC /* map_pin_red.png */; };
		3A0B8C6B239E6337003BBEDC /* info_box.png in Resources */ = {isa = PBXBuildFile; fileRef = 3A0B8C4F239E6337003BBEDC /* info_box.png */; };
		3A0B8C6C239E6337003BBEDC /* point_sprite.png in Resources */ = {isa = PBXBuildFile; fileRef = 3A0B8C50239E6337003BBEDC /* point_sprite.png */; };
		3A0B8C6D239E6337003BBEDC /* map_pinup_custom.png in Resources */ = {isa = PBXBuildFile; fileRef = 3A0B8C51239E6337003BBEDC /* map_pinup_custom.png */; };
		3A0B8C6E239E6337003BBEDC /* info_box_tail.png in Resources */ = {isa = PBXBuildFile; fileRef = 3A0B8C52239E6337003BBEDC /* info_box_tail.png */; };
		3A0B8C6F239E6337003BBEDC /* noimage256.png in Resources */ = {isa = PBXBuildFile; fileRef = 3A0B8C53239E6337003BBEDC /* noimage256.png */; };
		3A0B8C70239E6337003BBEDC /* map_present_direction.png in Resources */ = {isa = PBXBuildFile; fileRef = 3A0B8C54239E6337003BBEDC /* map_present_direction.png */; };
		3A0B8C71239E6337003BBEDC /* map_pin.png in Resources */ = {isa = PBXBuildFile; fileRef = 3A0B8C55239E6337003BBEDC /* map_pin.png */; };
		3A0B8C72239E6337003BBEDC /* map_present.png in Resources */ = {isa = PBXBuildFile; fileRef = 3A0B8C56239E6337003BBEDC /* map_present.png */; };
		3A0B8C73239E6337003BBEDC /* noimage.png in Resources */ = {isa = PBXBuildFile; fileRef = 3A0B8C57239E6337003BBEDC /* noimage.png */; };
		3A0B8C74239E6337003BBEDC /* map_present_background_update.png in Resources */ = {isa = PBXBuildFile; fileRef = 3A0B8C58239E6337003BBEDC /* map_present_background_update.png */; };
		3A0B8C75239E6337003BBEDC /* daum_th_line.png in Resources */ = {isa = PBXBuildFile; fileRef = 3A0B8C59239E6337003BBEDC /* daum_th_line.png */; };
		3A0B8C76239E6337003BBEDC /* map_pin_shadow.png in Resources */ = {isa = PBXBuildFile; fileRef = 3A0B8C5A239E6337003BBEDC /* map_pin_shadow.png */; };
		3A0B8C77239E6337003BBEDC /* DaumMap.framework in Frameworks */ = {isa = PBXBuildFile; fileRef = 3A0B8C5B239E6337003BBEDC /* DaumMap.framework */; };
		3A0B8C7A239E63B1003BBEDC /* OpenGLES.framework in Frameworks */ = {isa = PBXBuildFile; fileRef = 3A0B8C79239E63B1003BBEDC /* OpenGLES.framework */; };
		3A0B8C7C239E63BB003BBEDC /* SystemConfiguration.framework in Frameworks */ = {isa = PBXBuildFile; fileRef = 3A0B8C7B239E63BB003BBEDC /* SystemConfiguration.framework */; };
		3A0B8C7E239E63C4003BBEDC /* CoreLocation.framework in Frameworks */ = {isa = PBXBuildFile; fileRef = 3A0B8C7D239E63C4003BBEDC /* CoreLocation.framework */; };
		3A0B8C80239E63CE003BBEDC /* QuartzCore.framework in Frameworks */ = {isa = PBXBuildFile; fileRef = 3A0B8C7F239E63CE003BBEDC /* QuartzCore.framework */; };
		3A0B8C82239E63DD003BBEDC /* libc++.tbd in Frameworks */ = {isa = PBXBuildFile; fileRef = 3A0B8C81239E63D7003BBEDC /* libc++.tbd */; };
		3A0B8C84239E63EC003BBEDC /* libxml2.tbd in Frameworks */ = {isa = PBXBuildFile; fileRef = 3A0B8C83239E63E6003BBEDC /* libxml2.tbd */; };
		3A0B8C86239E63FE003BBEDC /* libsqlite3.tbd in Frameworks */ = {isa = PBXBuildFile; fileRef = 3A0B8C85239E63F7003BBEDC /* libsqlite3.tbd */; };
		3A0B8C9023A32520003BBEDC /* Map.storyboard in Resources */ = {isa = PBXBuildFile; fileRef = 3A0B8C8F23A32520003BBEDC /* Map.storyboard */; };
		3A3BE5EE23BC52D8004CC342 /* SearchResultViewController.swift in Sources */ = {isa = PBXBuildFile; fileRef = 3A3BE5ED23BC52D8004CC342 /* SearchResultViewController.swift */; };
		3A3BE5F023BC6BE9004CC342 /* ARView2.xib in Resources */ = {isa = PBXBuildFile; fileRef = 3A3BE5EF23BC6BE9004CC342 /* ARView2.xib */; };
		3A489A0023B638C600FC0703 /* DynamicHeightCollectionView.swift in Sources */ = {isa = PBXBuildFile; fileRef = 3A4899FF23B638C600FC0703 /* DynamicHeightCollectionView.swift */; };
		3A489A0223B639A700FC0703 /* CollectionViewFlowLayout.swift in Sources */ = {isa = PBXBuildFile; fileRef = 3A489A0123B639A700FC0703 /* CollectionViewFlowLayout.swift */; };
		3A489A0423B6487600FC0703 /* OneFacilityInfoVC.swift in Sources */ = {isa = PBXBuildFile; fileRef = 3A489A0323B6487600FC0703 /* OneFacilityInfoVC.swift */; };
		3A57E89B23B4F0DD0082597D /* ARView.xib in Resources */ = {isa = PBXBuildFile; fileRef = 3A57E89A23B4F0DD0082597D /* ARView.xib */; };
		3A57E89E23B50D570082597D /* TableViewCell.swift in Sources */ = {isa = PBXBuildFile; fileRef = 3A57E89D23B50D570082597D /* TableViewCell.swift */; };
		3A6E26E223B65926005ED418 /* Facilitie.swift in Sources */ = {isa = PBXBuildFile; fileRef = EE0AC77A23B3AB54003BE41B /* Facilitie.swift */; };
		3A6E26E323B65929005ED418 /* Category.swift in Sources */ = {isa = PBXBuildFile; fileRef = EE0AC77823B3AA68003BE41B /* Category.swift */; };
		3A6E26E423B65984005ED418 /* Report.storyboard in Resources */ = {isa = PBXBuildFile; fileRef = 8024427723B61F0C004CE0E2 /* Report.storyboard */; };
		3A6E26E523B6598D005ED418 /* ReportViewController.swift in Sources */ = {isa = PBXBuildFile; fileRef = 8024427923B61F5E004CE0E2 /* ReportViewController.swift */; };
		3A6E26E623B659C1005ED418 /* UIReportTextView.swift in Sources */ = {isa = PBXBuildFile; fileRef = 8024427B23B637DC004CE0E2 /* UIReportTextView.swift */; };
		3A6E26EA23B65E52005ED418 /* KakaoOpenSDK.framework in Frameworks */ = {isa = PBXBuildFile; fileRef = 3A6E26E923B65E52005ED418 /* KakaoOpenSDK.framework */; };
		3A6E26EC23B660A5005ED418 /* LoginVC.swift in Sources */ = {isa = PBXBuildFile; fileRef = 3A6E26EB23B660A5005ED418 /* LoginVC.swift */; };
		3A6E26EF23B66767005ED418 /* HttpResponseCode.swift in Sources */ = {isa = PBXBuildFile; fileRef = 3A6E26EE23B66767005ED418 /* HttpResponseCode.swift */; };
		3A6E26F123B66783005ED418 /* enums.swift in Sources */ = {isa = PBXBuildFile; fileRef = 3A6E26F023B66783005ED418 /* enums.swift */; };
		3A6E26F723B66CF0005ED418 /* ArVO.swift in Sources */ = {isa = PBXBuildFile; fileRef = 3A6E26F623B66CF0005ED418 /* ArVO.swift */; };
		3A6E26FA23B66D58005ED418 /* ARService.swift in Sources */ = {isa = PBXBuildFile; fileRef = 3A6E26F923B66D58005ED418 /* ARService.swift */; };
		3A8CD18F23B69F42007BC30D /* FilterVO.swift in Sources */ = {isa = PBXBuildFile; fileRef = 3A8CD18E23B69F42007BC30D /* FilterVO.swift */; };
		3A8CD19123B69FA5007BC30D /* BuildInfo.swift in Sources */ = {isa = PBXBuildFile; fileRef = 3A8CD19023B69FA5007BC30D /* BuildInfo.swift */; };
		3A8CD19323B6A000007BC30D /* ShopInfo.swift in Sources */ = {isa = PBXBuildFile; fileRef = 3A8CD19223B6A000007BC30D /* ShopInfo.swift */; };
		3A8CD19523B6A049007BC30D /* FilterService.swift in Sources */ = {isa = PBXBuildFile; fileRef = 3A8CD19423B6A049007BC30D /* FilterService.swift */; };
		3A8CD19723B6A44E007BC30D /* BuildingService.swift in Sources */ = {isa = PBXBuildFile; fileRef = 3A8CD19623B6A44E007BC30D /* BuildingService.swift */; };
		3A8CD19923B6A5A5007BC30D /* ShopService.swift in Sources */ = {isa = PBXBuildFile; fileRef = 3A8CD19823B6A5A5007BC30D /* ShopService.swift */; };
		3A8CD19B23B8920F007BC30D /* ARView.swift in Sources */ = {isa = PBXBuildFile; fileRef = 3A8CD19A23B8920F007BC30D /* ARView.swift */; };
		3A8CD19D23B8A988007BC30D /* BuildingView.xib in Resources */ = {isa = PBXBuildFile; fileRef = 3A8CD19C23B8A988007BC30D /* BuildingView.xib */; };
		3A8CD1C223B8D184007BC30D /* SendData.swift in Sources */ = {isa = PBXBuildFile; fileRef = 3A8CD1C123B8D184007BC30D /* SendData.swift */; };
		3A8CD1C423B8D8A0007BC30D /* ListVO.swift in Sources */ = {isa = PBXBuildFile; fileRef = 3A8CD1C323B8D8A0007BC30D /* ListVO.swift */; };
		3A8CD1C823B8D8FA007BC30D /* ListService.swift in Sources */ = {isa = PBXBuildFile; fileRef = 3A8CD1C723B8D8FA007BC30D /* ListService.swift */; };
		3ACA999423B67AA3007DBC14 /* APIConstants.swift in Sources */ = {isa = PBXBuildFile; fileRef = 3ACA999323B67AA3007DBC14 /* APIConstants.swift */; };
		3AE96EC823B10ADD006B115D /* ShopListVC.swift in Sources */ = {isa = PBXBuildFile; fileRef = 3AE96EC723B10ADD006B115D /* ShopListVC.swift */; };
		3AE96ECA23B1114B006B115D /* ShopListTVCell.swift in Sources */ = {isa = PBXBuildFile; fileRef = 3AE96EC923B1114B006B115D /* ShopListTVCell.swift */; };
		3AECB8C723AF5BE6002F605B /* facilityInfoVC.swift in Sources */ = {isa = PBXBuildFile; fileRef = 3AECB8C623AF5BE6002F605B /* facilityInfoVC.swift */; };
		3AECB8C923AF63FB002F605B /* ShopDetailVC.swift in Sources */ = {isa = PBXBuildFile; fileRef = 3AECB8C823AF63FB002F605B /* ShopDetailVC.swift */; };
		3AECB8CB23AF68D3002F605B /* ShopDetailCVCell.swift in Sources */ = {isa = PBXBuildFile; fileRef = 3AECB8CA23AF68D3002F605B /* ShopDetailCVCell.swift */; };
		3AECB8CD23AF8D25002F605B /* ShopfilterVC.swift in Sources */ = {isa = PBXBuildFile; fileRef = 3AECB8CC23AF8D25002F605B /* ShopfilterVC.swift */; };
		3E17AFE4F75B93E64B2C30C5 /* Pods_Viewable.framework in Frameworks */ = {isa = PBXBuildFile; fileRef = 69EEA5B9EEC933A9AEEB2822 /* Pods_Viewable.framework */; };
		8024427E23B65BEF004CE0E2 /* UIViewControllerExtension.swift in Sources */ = {isa = PBXBuildFile; fileRef = 8024427D23B65BEF004CE0E2 /* UIViewControllerExtension.swift */; };
		803B342023BA3BFE004C7B9D /* RecommandDetailViewController.swift in Sources */ = {isa = PBXBuildFile; fileRef = 803B341F23BA3BFE004C7B9D /* RecommandDetailViewController.swift */; };
		80F861FE23B672B5002BE417 /* PostableService.swift in Sources */ = {isa = PBXBuildFile; fileRef = 80F861FD23B672B5002BE417 /* PostableService.swift */; };
		80F8620023B672BA002BE417 /* GettableService.swift in Sources */ = {isa = PBXBuildFile; fileRef = 80F861FF23B672BA002BE417 /* GettableService.swift */; };
		80F8620223B672BF002BE417 /* APIService.swift in Sources */ = {isa = PBXBuildFile; fileRef = 80F8620123B672BF002BE417 /* APIService.swift */; };
		80F8620423B672D7002BE417 /* ReportService.swift in Sources */ = {isa = PBXBuildFile; fileRef = 80F8620323B672D7002BE417 /* ReportService.swift */; };
		80F8620623B673D6002BE417 /* ReportVO.swift in Sources */ = {isa = PBXBuildFile; fileRef = 80F8620523B673D6002BE417 /* ReportVO.swift */; };
		80F8620A23B679F9002BE417 /* MyPageViewController.swift in Sources */ = {isa = PBXBuildFile; fileRef = 80F8620923B679F9002BE417 /* MyPageViewController.swift */; };
		80F8620C23B67A5D002BE417 /* MyPage.storyboard in Resources */ = {isa = PBXBuildFile; fileRef = 80F8620B23B67A5D002BE417 /* MyPage.storyboard */; };
		80F8620E23B68396002BE417 /* UIReportHistoryCell.swift in Sources */ = {isa = PBXBuildFile; fileRef = 80F8620D23B68396002BE417 /* UIReportHistoryCell.swift */; };
		80F8621023B68A54002BE417 /* MyPageService.swift in Sources */ = {isa = PBXBuildFile; fileRef = 80F8620F23B68A54002BE417 /* MyPageService.swift */; };
		80F8621223B68A81002BE417 /* MyPageVO.swift in Sources */ = {isa = PBXBuildFile; fileRef = 80F8621123B68A81002BE417 /* MyPageVO.swift */; };
		80F8621423B6993F002BE417 /* UIViewImageExtension.swift in Sources */ = {isa = PBXBuildFile; fileRef = 80F8621323B6993F002BE417 /* UIViewImageExtension.swift */; };
		80F8621623B69D53002BE417 /* SearchService.swift in Sources */ = {isa = PBXBuildFile; fileRef = 80F8621523B69D53002BE417 /* SearchService.swift */; };
		80F8621823B69D73002BE417 /* SearchVO.swift in Sources */ = {isa = PBXBuildFile; fileRef = 80F8621723B69D73002BE417 /* SearchVO.swift */; };
		80F8621A23B6A078002BE417 /* SearchResultViewController.swift in Sources */ = {isa = PBXBuildFile; fileRef = 80F8621923B6A078002BE417 /* SearchResultViewController.swift */; };
		E2737C8168C345EAB104FE94 /* Pods_Viewable.framework in Frameworks */ = {isa = PBXBuildFile; fileRef = 74D8ADF13601B54DA196D648 /* Pods_Viewable.framework */; };
		EE0DA01F23A7D1370026EBAB /* UIStoreCell.swift in Sources */ = {isa = PBXBuildFile; fileRef = EE0DA01E23A7D1370026EBAB /* UIStoreCell.swift */; };
		EE0DA02423A7D1C60026EBAB /* StoreInformation.swift in Sources */ = {isa = PBXBuildFile; fileRef = EE0DA02323A7D1C60026EBAB /* StoreInformation.swift */; };
		EE0DA02723A7D2E30026EBAB /* Constants.swift in Sources */ = {isa = PBXBuildFile; fileRef = EE0DA02623A7D2E30026EBAB /* Constants.swift */; };
		EE0DA02923A7D4DA0026EBAB /* UIRadiusView.swift in Sources */ = {isa = PBXBuildFile; fileRef = EE0DA02823A7D4DA0026EBAB /* UIRadiusView.swift */; };
		EE0F04F423A601D50055369C /* UIRadiusImageView.swift in Sources */ = {isa = PBXBuildFile; fileRef = EE0F04F323A601D50055369C /* UIRadiusImageView.swift */; };
		EE546DBB23B3962600E85574 /* SearchViewController.swift in Sources */ = {isa = PBXBuildFile; fileRef = EE546DB823B3962600E85574 /* SearchViewController.swift */; };
		EE546DBC23B3962600E85574 /* StoreInformationViewController.swift in Sources */ = {isa = PBXBuildFile; fileRef = EE546DB923B3962600E85574 /* StoreInformationViewController.swift */; };
		EE546DBD23B3962600E85574 /* UISearchResultCell.swift in Sources */ = {isa = PBXBuildFile; fileRef = EE546DBA23B3962600E85574 /* UISearchResultCell.swift */; };
		EE546DBF23B3A5F900E85574 /* UIToggleButton.swift in Sources */ = {isa = PBXBuildFile; fileRef = EE546DBE23B3A5F900E85574 /* UIToggleButton.swift */; };
		EE870F0F23A610FC00A11EB3 /* UIRadiusButton.swift in Sources */ = {isa = PBXBuildFile; fileRef = EE870F0E23A610FC00A11EB3 /* UIRadiusButton.swift */; };
		EE870F1523A614B100A11EB3 /* FloatExtension.swift in Sources */ = {isa = PBXBuildFile; fileRef = EE870F1423A614B100A11EB3 /* FloatExtension.swift */; };
		EE870F1723A6262800A11EB3 /* UICategoryViewCell.swift in Sources */ = {isa = PBXBuildFile; fileRef = EE870F1623A6262800A11EB3 /* UICategoryViewCell.swift */; };
		EEB32E4F23A92398001988D7 /* UIStoreCell.xib in Resources */ = {isa = PBXBuildFile; fileRef = EEB32E4E23A92398001988D7 /* UIStoreCell.xib */; };
		EEB32E5323A92D77001988D7 /* MTMapViewExtension.swift in Sources */ = {isa = PBXBuildFile; fileRef = EEB32E5223A92D77001988D7 /* MTMapViewExtension.swift */; };
		EEBD742C23A7E275001C76FE /* SearchResultViewController.swift in Sources */ = {isa = PBXBuildFile; fileRef = EEBD742B23A7E275001C76FE /* SearchResultViewController.swift */; };
/* End PBXBuildFile section */

/* Begin PBXFileReference section */
		3A0B8C1B239E5197003BBEDC /* Viewable.app */ = {isa = PBXFileReference; explicitFileType = wrapper.application; includeInIndex = 0; path = Viewable.app; sourceTree = BUILT_PRODUCTS_DIR; };
		3A0B8C1E239E5197003BBEDC /* AppDelegate.swift */ = {isa = PBXFileReference; lastKnownFileType = sourcecode.swift; path = AppDelegate.swift; sourceTree = "<group>"; };
		3A0B8C20239E5197003BBEDC /* Scene.sks */ = {isa = PBXFileReference; lastKnownFileType = file.sks; path = Scene.sks; sourceTree = "<group>"; };
		3A0B8C22239E5197003BBEDC /* Scene.swift */ = {isa = PBXFileReference; lastKnownFileType = sourcecode.swift; path = Scene.swift; sourceTree = "<group>"; };
		3A0B8C24239E5197003BBEDC /* ViewController.swift */ = {isa = PBXFileReference; lastKnownFileType = sourcecode.swift; path = ViewController.swift; sourceTree = "<group>"; };
		3A0B8C27239E5197003BBEDC /* Base */ = {isa = PBXFileReference; lastKnownFileType = file.storyboard; name = Base; path = Base.lproj/Main.storyboard; sourceTree = "<group>"; };
		3A0B8C29239E5198003BBEDC /* Assets.xcassets */ = {isa = PBXFileReference; lastKnownFileType = folder.assetcatalog; path = Assets.xcassets; sourceTree = "<group>"; };
		3A0B8C2C239E5198003BBEDC /* Base */ = {isa = PBXFileReference; lastKnownFileType = file.storyboard; name = Base; path = Base.lproj/LaunchScreen.storyboard; sourceTree = "<group>"; };
		3A0B8C2E239E5198003BBEDC /* Info.plist */ = {isa = PBXFileReference; lastKnownFileType = text.plist.xml; path = Info.plist; sourceTree = "<group>"; };
		3A0B8C37239E6337003BBEDC /* map_pinup_custom@3x.png */ = {isa = PBXFileReference; lastKnownFileType = image.png; path = "map_pinup_custom@3x.png"; sourceTree = "<group>"; };
		3A0B8C38239E6337003BBEDC /* map_pin_custom.png */ = {isa = PBXFileReference; lastKnownFileType = image.png; path = map_pin_custom.png; sourceTree = "<group>"; };
		3A0B8C39239E6337003BBEDC /* shadow_balloon.png */ = {isa = PBXFileReference; lastKnownFileType = image.png; path = shadow_balloon.png; sourceTree = "<group>"; };
		3A0B8C3A239E6337003BBEDC /* map_pinup.png */ = {isa = PBXFileReference; lastKnownFileType = image.png; path = map_pinup.png; sourceTree = "<group>"; };
		3A0B8C3B239E6337003BBEDC /* detail_button.png */ = {isa = PBXFileReference; lastKnownFileType = image.png; path = detail_button.png; sourceTree = "<group>"; };
		3A0B8C3C239E6337003BBEDC /* map_pin_custom@3x.png */ = {isa = PBXFileReference; lastKnownFileType = image.png; path = "map_pin_custom@3x.png"; sourceTree = "<group>"; };
		3A0B8C3D239E6337003BBEDC /* map_pinup@3x.png */ = {isa = PBXFileReference; lastKnownFileType = image.png; path = "map_pinup@3x.png"; sourceTree = "<group>"; };
		3A0B8C3E239E6337003BBEDC /* map_pin_shadow@3x.png */ = {isa = PBXFileReference; lastKnownFileType = image.png; path = "map_pin_shadow@3x.png"; sourceTree = "<group>"; };
		3A0B8C3F239E6337003BBEDC /* copyright.png */ = {isa = PBXFileReference; lastKnownFileType = image.png; path = copyright.png; sourceTree = "<group>"; };
		3A0B8C40239E6337003BBEDC /* th_line.png */ = {isa = PBXFileReference; lastKnownFileType = image.png; path = th_line.png; sourceTree = "<group>"; };
		3A0B8C41239E6337003BBEDC /* map_pin_red@3x.png */ = {isa = PBXFileReference; lastKnownFileType = image.png; path = "map_pin_red@3x.png"; sourceTree = "<group>"; };
		3A0B8C42239E6337003BBEDC /* daum_copyright.png */ = {isa = PBXFileReference; lastKnownFileType = image.png; path = daum_copyright.png; sourceTree = "<group>"; };
		3A0B8C43239E6337003BBEDC /* map_pin@3x.png */ = {isa = PBXFileReference; lastKnownFileType = image.png; path = "map_pin@3x.png"; sourceTree = "<group>"; };
		3A0B8C44239E6337003BBEDC /* map_present_tracking.png */ = {isa = PBXFileReference; lastKnownFileType = image.png; path = map_present_tracking.png; sourceTree = "<group>"; };
		3A0B8C45239E6337003BBEDC /* map_pin_red.png */ = {isa = PBXFileReference; lastKnownFileType = image.png; path = map_pin_red.png; sourceTree = "<group>"; };
		3A0B8C47239E6337003BBEDC /* MTMapPOIItem.h */ = {isa = PBXFileReference; fileEncoding = 4; lastKnownFileType = sourcecode.c.h; path = MTMapPOIItem.h; sourceTree = "<group>"; };
		3A0B8C48239E6337003BBEDC /* MTMapCameraUpdate.h */ = {isa = PBXFileReference; fileEncoding = 4; lastKnownFileType = sourcecode.c.h; path = MTMapCameraUpdate.h; sourceTree = "<group>"; };
		3A0B8C49239E6337003BBEDC /* MTMapReverseGeoCoder.h */ = {isa = PBXFileReference; fileEncoding = 4; lastKnownFileType = sourcecode.c.h; path = MTMapReverseGeoCoder.h; sourceTree = "<group>"; };
		3A0B8C4A239E6337003BBEDC /* MTMapPolyline.h */ = {isa = PBXFileReference; fileEncoding = 4; lastKnownFileType = sourcecode.c.h; path = MTMapPolyline.h; sourceTree = "<group>"; };
		3A0B8C4B239E6337003BBEDC /* MTMapLocationMarkerItem.h */ = {isa = PBXFileReference; fileEncoding = 4; lastKnownFileType = sourcecode.c.h; path = MTMapLocationMarkerItem.h; sourceTree = "<group>"; };
		3A0B8C4C239E6337003BBEDC /* MTMapView.h */ = {isa = PBXFileReference; fileEncoding = 4; lastKnownFileType = sourcecode.c.h; path = MTMapView.h; sourceTree = "<group>"; };
		3A0B8C4D239E6337003BBEDC /* MTMapGeometry.h */ = {isa = PBXFileReference; fileEncoding = 4; lastKnownFileType = sourcecode.c.h; path = MTMapGeometry.h; sourceTree = "<group>"; };
		3A0B8C4E239E6337003BBEDC /* MTMapCircle.h */ = {isa = PBXFileReference; fileEncoding = 4; lastKnownFileType = sourcecode.c.h; path = MTMapCircle.h; sourceTree = "<group>"; };
		3A0B8C4F239E6337003BBEDC /* info_box.png */ = {isa = PBXFileReference; lastKnownFileType = image.png; path = info_box.png; sourceTree = "<group>"; };
		3A0B8C50239E6337003BBEDC /* point_sprite.png */ = {isa = PBXFileReference; lastKnownFileType = image.png; path = point_sprite.png; sourceTree = "<group>"; };
		3A0B8C51239E6337003BBEDC /* map_pinup_custom.png */ = {isa = PBXFileReference; lastKnownFileType = image.png; path = map_pinup_custom.png; sourceTree = "<group>"; };
		3A0B8C52239E6337003BBEDC /* info_box_tail.png */ = {isa = PBXFileReference; lastKnownFileType = image.png; path = info_box_tail.png; sourceTree = "<group>"; };
		3A0B8C53239E6337003BBEDC /* noimage256.png */ = {isa = PBXFileReference; lastKnownFileType = image.png; path = noimage256.png; sourceTree = "<group>"; };
		3A0B8C54239E6337003BBEDC /* map_present_direction.png */ = {isa = PBXFileReference; lastKnownFileType = image.png; path = map_present_direction.png; sourceTree = "<group>"; };
		3A0B8C55239E6337003BBEDC /* map_pin.png */ = {isa = PBXFileReference; lastKnownFileType = image.png; path = map_pin.png; sourceTree = "<group>"; };
		3A0B8C56239E6337003BBEDC /* map_present.png */ = {isa = PBXFileReference; lastKnownFileType = image.png; path = map_present.png; sourceTree = "<group>"; };
		3A0B8C57239E6337003BBEDC /* noimage.png */ = {isa = PBXFileReference; lastKnownFileType = image.png; path = noimage.png; sourceTree = "<group>"; };
		3A0B8C58239E6337003BBEDC /* map_present_background_update.png */ = {isa = PBXFileReference; lastKnownFileType = image.png; path = map_present_background_update.png; sourceTree = "<group>"; };
		3A0B8C59239E6337003BBEDC /* daum_th_line.png */ = {isa = PBXFileReference; lastKnownFileType = image.png; path = daum_th_line.png; sourceTree = "<group>"; };
		3A0B8C5A239E6337003BBEDC /* map_pin_shadow.png */ = {isa = PBXFileReference; lastKnownFileType = image.png; path = map_pin_shadow.png; sourceTree = "<group>"; };
		3A0B8C5B239E6337003BBEDC /* DaumMap.framework */ = {isa = PBXFileReference; lastKnownFileType = wrapper.framework; path = DaumMap.framework; sourceTree = "<group>"; };
		3A0B8C79239E63B1003BBEDC /* OpenGLES.framework */ = {isa = PBXFileReference; lastKnownFileType = wrapper.framework; name = OpenGLES.framework; path = System/Library/Frameworks/OpenGLES.framework; sourceTree = SDKROOT; };
		3A0B8C7B239E63BB003BBEDC /* SystemConfiguration.framework */ = {isa = PBXFileReference; lastKnownFileType = wrapper.framework; name = SystemConfiguration.framework; path = System/Library/Frameworks/SystemConfiguration.framework; sourceTree = SDKROOT; };
		3A0B8C7D239E63C4003BBEDC /* CoreLocation.framework */ = {isa = PBXFileReference; lastKnownFileType = wrapper.framework; name = CoreLocation.framework; path = System/Library/Frameworks/CoreLocation.framework; sourceTree = SDKROOT; };
		3A0B8C7F239E63CE003BBEDC /* QuartzCore.framework */ = {isa = PBXFileReference; lastKnownFileType = wrapper.framework; name = QuartzCore.framework; path = System/Library/Frameworks/QuartzCore.framework; sourceTree = SDKROOT; };
		3A0B8C81239E63D7003BBEDC /* libc++.tbd */ = {isa = PBXFileReference; lastKnownFileType = "sourcecode.text-based-dylib-definition"; name = "libc++.tbd"; path = "usr/lib/libc++.tbd"; sourceTree = SDKROOT; };
		3A0B8C83239E63E6003BBEDC /* libxml2.tbd */ = {isa = PBXFileReference; lastKnownFileType = "sourcecode.text-based-dylib-definition"; name = libxml2.tbd; path = usr/lib/libxml2.tbd; sourceTree = SDKROOT; };
		3A0B8C85239E63F7003BBEDC /* libsqlite3.tbd */ = {isa = PBXFileReference; lastKnownFileType = "sourcecode.text-based-dylib-definition"; name = libsqlite3.tbd; path = usr/lib/libsqlite3.tbd; sourceTree = SDKROOT; };
		3A0B8C87239E647B003BBEDC /* Bridging_Header.h */ = {isa = PBXFileReference; lastKnownFileType = sourcecode.c.h; path = Bridging_Header.h; sourceTree = "<group>"; };
		3A0B8C8F23A32520003BBEDC /* Map.storyboard */ = {isa = PBXFileReference; lastKnownFileType = file.storyboard; path = Map.storyboard; sourceTree = "<group>"; };
		3A3BE5ED23BC52D8004CC342 /* SearchResultViewController.swift */ = {isa = PBXFileReference; fileEncoding = 4; lastKnownFileType = sourcecode.swift; path = SearchResultViewController.swift; sourceTree = "<group>"; };
		3A3BE5EF23BC6BE9004CC342 /* ARView2.xib */ = {isa = PBXFileReference; lastKnownFileType = file.xib; path = ARView2.xib; sourceTree = "<group>"; };
		3A4899FF23B638C600FC0703 /* DynamicHeightCollectionView.swift */ = {isa = PBXFileReference; lastKnownFileType = sourcecode.swift; path = DynamicHeightCollectionView.swift; sourceTree = "<group>"; };
		3A489A0123B639A700FC0703 /* CollectionViewFlowLayout.swift */ = {isa = PBXFileReference; lastKnownFileType = sourcecode.swift; path = CollectionViewFlowLayout.swift; sourceTree = "<group>"; };
		3A489A0323B6487600FC0703 /* OneFacilityInfoVC.swift */ = {isa = PBXFileReference; lastKnownFileType = sourcecode.swift; path = OneFacilityInfoVC.swift; sourceTree = "<group>"; };
		3A57E89A23B4F0DD0082597D /* ARView.xib */ = {isa = PBXFileReference; lastKnownFileType = file.xib; path = ARView.xib; sourceTree = "<group>"; };
		3A57E89D23B50D570082597D /* TableViewCell.swift */ = {isa = PBXFileReference; lastKnownFileType = sourcecode.swift; path = TableViewCell.swift; sourceTree = "<group>"; };
		3A6E26E723B65C88005ED418 /* APIService.swift */ = {isa = PBXFileReference; lastKnownFileType = sourcecode.swift; path = APIService.swift; sourceTree = "<group>"; };
		3A6E26E923B65E52005ED418 /* KakaoOpenSDK.framework */ = {isa = PBXFileReference; lastKnownFileType = wrapper.framework; path = KakaoOpenSDK.framework; sourceTree = "<group>"; };
		3A6E26EB23B660A5005ED418 /* LoginVC.swift */ = {isa = PBXFileReference; lastKnownFileType = sourcecode.swift; path = LoginVC.swift; sourceTree = "<group>"; };
		3A6E26EE23B66767005ED418 /* HttpResponseCode.swift */ = {isa = PBXFileReference; lastKnownFileType = sourcecode.swift; path = HttpResponseCode.swift; sourceTree = "<group>"; };
		3A6E26F023B66783005ED418 /* enums.swift */ = {isa = PBXFileReference; lastKnownFileType = sourcecode.swift; path = enums.swift; sourceTree = "<group>"; };
		3A6E26F223B6683A005ED418 /* GettableService.swift */ = {isa = PBXFileReference; lastKnownFileType = sourcecode.swift; path = GettableService.swift; sourceTree = "<group>"; };
		3A6E26F423B6685C005ED418 /* PostableService.swift */ = {isa = PBXFileReference; lastKnownFileType = sourcecode.swift; path = PostableService.swift; sourceTree = "<group>"; };
		3A6E26F623B66CF0005ED418 /* ArVO.swift */ = {isa = PBXFileReference; lastKnownFileType = sourcecode.swift; path = ArVO.swift; sourceTree = "<group>"; };
		3A6E26F923B66D58005ED418 /* ARService.swift */ = {isa = PBXFileReference; lastKnownFileType = sourcecode.swift; path = ARService.swift; sourceTree = "<group>"; };
		3A8CD18E23B69F42007BC30D /* FilterVO.swift */ = {isa = PBXFileReference; lastKnownFileType = sourcecode.swift; path = FilterVO.swift; sourceTree = "<group>"; };
		3A8CD19023B69FA5007BC30D /* BuildInfo.swift */ = {isa = PBXFileReference; lastKnownFileType = sourcecode.swift; path = BuildInfo.swift; sourceTree = "<group>"; };
		3A8CD19223B6A000007BC30D /* ShopInfo.swift */ = {isa = PBXFileReference; lastKnownFileType = sourcecode.swift; path = ShopInfo.swift; sourceTree = "<group>"; };
		3A8CD19423B6A049007BC30D /* FilterService.swift */ = {isa = PBXFileReference; lastKnownFileType = sourcecode.swift; path = FilterService.swift; sourceTree = "<group>"; };
		3A8CD19623B6A44E007BC30D /* BuildingService.swift */ = {isa = PBXFileReference; lastKnownFileType = sourcecode.swift; path = BuildingService.swift; sourceTree = "<group>"; };
		3A8CD19823B6A5A5007BC30D /* ShopService.swift */ = {isa = PBXFileReference; lastKnownFileType = sourcecode.swift; path = ShopService.swift; sourceTree = "<group>"; };
		3A8CD19A23B8920F007BC30D /* ARView.swift */ = {isa = PBXFileReference; lastKnownFileType = sourcecode.swift; path = ARView.swift; sourceTree = "<group>"; };
		3A8CD19C23B8A988007BC30D /* BuildingView.xib */ = {isa = PBXFileReference; lastKnownFileType = file.xib; path = BuildingView.xib; sourceTree = "<group>"; };
		3A8CD1C123B8D184007BC30D /* SendData.swift */ = {isa = PBXFileReference; lastKnownFileType = sourcecode.swift; path = SendData.swift; sourceTree = "<group>"; };
		3A8CD1C323B8D8A0007BC30D /* ListVO.swift */ = {isa = PBXFileReference; lastKnownFileType = sourcecode.swift; path = ListVO.swift; sourceTree = "<group>"; };
		3A8CD1C723B8D8FA007BC30D /* ListService.swift */ = {isa = PBXFileReference; lastKnownFileType = sourcecode.swift; path = ListService.swift; sourceTree = "<group>"; };
		3ACA999323B67AA3007DBC14 /* APIConstants.swift */ = {isa = PBXFileReference; lastKnownFileType = sourcecode.swift; path = APIConstants.swift; sourceTree = "<group>"; };
		3AE96EC723B10ADD006B115D /* ShopListVC.swift */ = {isa = PBXFileReference; lastKnownFileType = sourcecode.swift; path = ShopListVC.swift; sourceTree = "<group>"; };
		3AE96EC923B1114B006B115D /* ShopListTVCell.swift */ = {isa = PBXFileReference; lastKnownFileType = sourcecode.swift; path = ShopListTVCell.swift; sourceTree = "<group>"; };
		3AECB8C623AF5BE6002F605B /* facilityInfoVC.swift */ = {isa = PBXFileReference; lastKnownFileType = sourcecode.swift; name = facilityInfoVC.swift; path = Viewable/VC/AR/facilityInfoVC.swift; sourceTree = SOURCE_ROOT; };
		3AECB8C823AF63FB002F605B /* ShopDetailVC.swift */ = {isa = PBXFileReference; lastKnownFileType = sourcecode.swift; path = ShopDetailVC.swift; sourceTree = "<group>"; };
		3AECB8CA23AF68D3002F605B /* ShopDetailCVCell.swift */ = {isa = PBXFileReference; lastKnownFileType = sourcecode.swift; path = ShopDetailCVCell.swift; sourceTree = "<group>"; };
		3AECB8CC23AF8D25002F605B /* ShopfilterVC.swift */ = {isa = PBXFileReference; lastKnownFileType = sourcecode.swift; path = ShopfilterVC.swift; sourceTree = "<group>"; };
		6BB3E87F09019E1D62E02BCA /* Pods-Viewable.debug.xcconfig */ = {isa = PBXFileReference; includeInIndex = 1; lastKnownFileType = text.xcconfig; name = "Pods-Viewable.debug.xcconfig"; path = "Target Support Files/Pods-Viewable/Pods-Viewable.debug.xcconfig"; sourceTree = "<group>"; };
		74D8ADF13601B54DA196D648 /* Pods_Viewable.framework */ = {isa = PBXFileReference; explicitFileType = wrapper.framework; includeInIndex = 0; path = Pods_Viewable.framework; sourceTree = BUILT_PRODUCTS_DIR; };
		71D29E825643FAC7ECDAC90D /* Pods-Viewable.release.xcconfig */ = {isa = PBXFileReference; includeInIndex = 1; lastKnownFileType = text.xcconfig; name = "Pods-Viewable.release.xcconfig"; path = "Target Support Files/Pods-Viewable/Pods-Viewable.release.xcconfig"; sourceTree = "<group>"; };
		8024427723B61F0C004CE0E2 /* Report.storyboard */ = {isa = PBXFileReference; lastKnownFileType = file.storyboard; path = Report.storyboard; sourceTree = "<group>"; };
		8024427923B61F5E004CE0E2 /* ReportViewController.swift */ = {isa = PBXFileReference; lastKnownFileType = sourcecode.swift; path = ReportViewController.swift; sourceTree = "<group>"; };
		8024427B23B637DC004CE0E2 /* UIReportTextView.swift */ = {isa = PBXFileReference; lastKnownFileType = sourcecode.swift; path = UIReportTextView.swift; sourceTree = "<group>"; };
		8024427D23B65BEF004CE0E2 /* UIViewControllerExtension.swift */ = {isa = PBXFileReference; lastKnownFileType = sourcecode.swift; path = UIViewControllerExtension.swift; sourceTree = "<group>"; };
		803B341F23BA3BFE004C7B9D /* RecommandDetailViewController.swift */ = {isa = PBXFileReference; lastKnownFileType = sourcecode.swift; path = RecommandDetailViewController.swift; sourceTree = "<group>"; };
		80F861FD23B672B5002BE417 /* PostableService.swift */ = {isa = PBXFileReference; fileEncoding = 4; lastKnownFileType = sourcecode.swift; path = PostableService.swift; sourceTree = "<group>"; };
		80F861FF23B672BA002BE417 /* GettableService.swift */ = {isa = PBXFileReference; fileEncoding = 4; lastKnownFileType = sourcecode.swift; path = GettableService.swift; sourceTree = "<group>"; };
		80F8620123B672BF002BE417 /* APIService.swift */ = {isa = PBXFileReference; fileEncoding = 4; lastKnownFileType = sourcecode.swift; path = APIService.swift; sourceTree = "<group>"; };
		80F8620323B672D7002BE417 /* ReportService.swift */ = {isa = PBXFileReference; lastKnownFileType = sourcecode.swift; path = ReportService.swift; sourceTree = "<group>"; };
		80F8620523B673D6002BE417 /* ReportVO.swift */ = {isa = PBXFileReference; lastKnownFileType = sourcecode.swift; path = ReportVO.swift; sourceTree = "<group>"; };
		80F8620923B679F9002BE417 /* MyPageViewController.swift */ = {isa = PBXFileReference; lastKnownFileType = sourcecode.swift; path = MyPageViewController.swift; sourceTree = "<group>"; };
		80F8620B23B67A5D002BE417 /* MyPage.storyboard */ = {isa = PBXFileReference; lastKnownFileType = file.storyboard; path = MyPage.storyboard; sourceTree = "<group>"; };
		80F8620D23B68396002BE417 /* UIReportHistoryCell.swift */ = {isa = PBXFileReference; lastKnownFileType = sourcecode.swift; path = UIReportHistoryCell.swift; sourceTree = "<group>"; };
		80F8620F23B68A54002BE417 /* MyPageService.swift */ = {isa = PBXFileReference; lastKnownFileType = sourcecode.swift; path = MyPageService.swift; sourceTree = "<group>"; };
		80F8621123B68A81002BE417 /* MyPageVO.swift */ = {isa = PBXFileReference; lastKnownFileType = sourcecode.swift; path = MyPageVO.swift; sourceTree = "<group>"; };
		80F8621323B6993F002BE417 /* UIViewImageExtension.swift */ = {isa = PBXFileReference; lastKnownFileType = sourcecode.swift; path = UIViewImageExtension.swift; sourceTree = "<group>"; };
		80F8621523B69D53002BE417 /* SearchService.swift */ = {isa = PBXFileReference; lastKnownFileType = sourcecode.swift; path = SearchService.swift; sourceTree = "<group>"; };
		80F8621723B69D73002BE417 /* SearchVO.swift */ = {isa = PBXFileReference; lastKnownFileType = sourcecode.swift; path = SearchVO.swift; sourceTree = "<group>"; };
		80F8621923B6A078002BE417 /* SearchResultViewController.swift */ = {isa = PBXFileReference; fileEncoding = 4; lastKnownFileType = sourcecode.swift; name = SearchResultViewController.swift; path = Viewable/Util/UI/SearchResultViewController.swift; sourceTree = SOURCE_ROOT; };
		A8060D992AA12FD3D3F21DDC /* Pods-Viewable.release.xcconfig */ = {isa = PBXFileReference; includeInIndex = 1; lastKnownFileType = text.xcconfig; name = "Pods-Viewable.release.xcconfig"; path = "Target Support Files/Pods-Viewable/Pods-Viewable.release.xcconfig"; sourceTree = "<group>"; };
		81C175825A6BA4D89981719C /* Pods-Viewable.debug.xcconfig */ = {isa = PBXFileReference; includeInIndex = 1; lastKnownFileType = text.xcconfig; name = "Pods-Viewable.debug.xcconfig"; path = "Target Support Files/Pods-Viewable/Pods-Viewable.debug.xcconfig"; sourceTree = "<group>"; };
		EE0AC77823B3AA68003BE41B /* Category.swift */ = {isa = PBXFileReference; lastKnownFileType = sourcecode.swift; path = Category.swift; sourceTree = "<group>"; };
		EE0AC77A23B3AB54003BE41B /* Facilitie.swift */ = {isa = PBXFileReference; lastKnownFileType = sourcecode.swift; path = Facilitie.swift; sourceTree = "<group>"; };
		EE0DA01E23A7D1370026EBAB /* UIStoreCell.swift */ = {isa = PBXFileReference; lastKnownFileType = sourcecode.swift; path = UIStoreCell.swift; sourceTree = "<group>"; };
		EE0DA02023A7D1570026EBAB /* StoreInformationViewController.swift */ = {isa = PBXFileReference; lastKnownFileType = sourcecode.swift; name = StoreInformationViewController.swift; path = Viewable/Util/UI/StoreInformationViewController.swift; sourceTree = SOURCE_ROOT; };
		EE0DA02323A7D1C60026EBAB /* StoreInformation.swift */ = {isa = PBXFileReference; lastKnownFileType = sourcecode.swift; path = StoreInformation.swift; sourceTree = "<group>"; };
		EE0DA02623A7D2E30026EBAB /* Constants.swift */ = {isa = PBXFileReference; lastKnownFileType = sourcecode.swift; path = Constants.swift; sourceTree = "<group>"; };
		EE0DA02823A7D4DA0026EBAB /* UIRadiusView.swift */ = {isa = PBXFileReference; lastKnownFileType = sourcecode.swift; path = UIRadiusView.swift; sourceTree = "<group>"; };
		EE0F04F323A601D50055369C /* UIRadiusImageView.swift */ = {isa = PBXFileReference; lastKnownFileType = sourcecode.swift; path = UIRadiusImageView.swift; sourceTree = "<group>"; };
		EE546DB823B3962600E85574 /* SearchViewController.swift */ = {isa = PBXFileReference; fileEncoding = 4; lastKnownFileType = sourcecode.swift; path = SearchViewController.swift; sourceTree = "<group>"; };
		EE546DB923B3962600E85574 /* StoreInformationViewController.swift */ = {isa = PBXFileReference; fileEncoding = 4; lastKnownFileType = sourcecode.swift; path = StoreInformationViewController.swift; sourceTree = "<group>"; };
		EE546DBA23B3962600E85574 /* UISearchResultCell.swift */ = {isa = PBXFileReference; fileEncoding = 4; lastKnownFileType = sourcecode.swift; name = UISearchResultCell.swift; path = ../../VC/Map/UISearchResultCell.swift; sourceTree = "<group>"; };
		EE546DBE23B3A5F900E85574 /* UIToggleButton.swift */ = {isa = PBXFileReference; lastKnownFileType = sourcecode.swift; path = UIToggleButton.swift; sourceTree = "<group>"; };
		EE870F0E23A610FC00A11EB3 /* UIRadiusButton.swift */ = {isa = PBXFileReference; lastKnownFileType = sourcecode.swift; path = UIRadiusButton.swift; sourceTree = "<group>"; };
		EE870F1423A614B100A11EB3 /* FloatExtension.swift */ = {isa = PBXFileReference; fileEncoding = 4; lastKnownFileType = sourcecode.swift; path = FloatExtension.swift; sourceTree = "<group>"; };
		EE870F1623A6262800A11EB3 /* UICategoryViewCell.swift */ = {isa = PBXFileReference; lastKnownFileType = sourcecode.swift; path = UICategoryViewCell.swift; sourceTree = "<group>"; };
		EE870F1823A6373D00A11EB3 /* SearchViewController.swift */ = {isa = PBXFileReference; lastKnownFileType = sourcecode.swift; name = SearchViewController.swift; path = Viewable/Util/UI/SearchViewController.swift; sourceTree = SOURCE_ROOT; };
		EEB32E4E23A92398001988D7 /* UIStoreCell.xib */ = {isa = PBXFileReference; lastKnownFileType = file.xib; path = UIStoreCell.xib; sourceTree = "<group>"; };
		EEB32E5223A92D77001988D7 /* MTMapViewExtension.swift */ = {isa = PBXFileReference; lastKnownFileType = sourcecode.swift; path = MTMapViewExtension.swift; sourceTree = "<group>"; };
		EEBD742B23A7E275001C76FE /* SearchResultViewController.swift */ = {isa = PBXFileReference; lastKnownFileType = sourcecode.swift; name = SearchResultViewController.swift; path = Viewable/Util/UI/SearchResultViewController.swift; sourceTree = SOURCE_ROOT; };
/* End PBXFileReference section */

/* Begin PBXFrameworksBuildPhase section */
		3A0B8C18239E5197003BBEDC /* Frameworks */ = {
			isa = PBXFrameworksBuildPhase;
			buildActionMask = 2147483647;
			files = (
				3A0B8C82239E63DD003BBEDC /* libc++.tbd in Frameworks */,
				3A0B8C80239E63CE003BBEDC /* QuartzCore.framework in Frameworks */,
				3A0B8C86239E63FE003BBEDC /* libsqlite3.tbd in Frameworks */,
				3A0B8C7E239E63C4003BBEDC /* CoreLocation.framework in Frameworks */,
				3A0B8C84239E63EC003BBEDC /* libxml2.tbd in Frameworks */,
				3A0B8C77239E6337003BBEDC /* DaumMap.framework in Frameworks */,
				3A0B8C7C239E63BB003BBEDC /* SystemConfiguration.framework in Frameworks */,
				3A6E26EA23B65E52005ED418 /* KakaoOpenSDK.framework in Frameworks */,
				3A0B8C7A239E63B1003BBEDC /* OpenGLES.framework in Frameworks */,
				3E17AFE4F75B93E64B2C30C5 /* Pods_Viewable.framework in Frameworks */,
			);
			runOnlyForDeploymentPostprocessing = 0;
		};
/* End PBXFrameworksBuildPhase section */

/* Begin PBXGroup section */
		3A0B8C12239E5197003BBEDC = {
			isa = PBXGroup;
			children = (
				3A0B8C1D239E5197003BBEDC /* Viewable */,
				3A0B8C35239E6337003BBEDC /* DaumMap.embeddedframework */,
				3A0B8C1C239E5197003BBEDC /* Products */,
				3A0B8C78239E63B1003BBEDC /* Frameworks */,
				7EB0E91F7E8CD7297BFAB139 /* Pods */,
				3ACEB31623AF55A30025F649 /* Recovered References */,
			);
			sourceTree = "<group>";
		};
		3A0B8C1C239E5197003BBEDC /* Products */ = {
			isa = PBXGroup;
			children = (
				3A0B8C1B239E5197003BBEDC /* Viewable.app */,
			);
			name = Products;
			sourceTree = "<group>";
		};
		3A0B8C1D239E5197003BBEDC /* Viewable */ = {
			isa = PBXGroup;
			children = (
				3A0B8C88239E7561003BBEDC /* Storyboard */,
				3A0B8C8A239E7578003BBEDC /* VC */,
				3A0B8C8B239E75BB003BBEDC /* Util */,
				3A6E26F823B66D3C005ED418 /* Service */,
				EE0DA02223A7D1B50026EBAB /* Model */,
				3A0B8C87239E647B003BBEDC /* Bridging_Header.h */,
				3A0B8C1E239E5197003BBEDC /* AppDelegate.swift */,
				3A0B8C29239E5198003BBEDC /* Assets.xcassets */,
				3A0B8C2E239E5198003BBEDC /* Info.plist */,
			);
			path = Viewable;
			sourceTree = "<group>";
		};
		3A0B8C35239E6337003BBEDC /* DaumMap.embeddedframework */ = {
			isa = PBXGroup;
			children = (
				3A0B8C36239E6337003BBEDC /* Resources */,
				3A0B8C5B239E6337003BBEDC /* DaumMap.framework */,
			);
			path = DaumMap.embeddedframework;
			sourceTree = "<group>";
		};
		3A0B8C36239E6337003BBEDC /* Resources */ = {
			isa = PBXGroup;
			children = (
				3A0B8C37239E6337003BBEDC /* map_pinup_custom@3x.png */,
				3A0B8C38239E6337003BBEDC /* map_pin_custom.png */,
				3A0B8C39239E6337003BBEDC /* shadow_balloon.png */,
				3A0B8C3A239E6337003BBEDC /* map_pinup.png */,
				3A0B8C3B239E6337003BBEDC /* detail_button.png */,
				3A0B8C3C239E6337003BBEDC /* map_pin_custom@3x.png */,
				3A0B8C3D239E6337003BBEDC /* map_pinup@3x.png */,
				3A0B8C3E239E6337003BBEDC /* map_pin_shadow@3x.png */,
				3A0B8C3F239E6337003BBEDC /* copyright.png */,
				3A0B8C40239E6337003BBEDC /* th_line.png */,
				3A0B8C41239E6337003BBEDC /* map_pin_red@3x.png */,
				3A0B8C42239E6337003BBEDC /* daum_copyright.png */,
				3A0B8C43239E6337003BBEDC /* map_pin@3x.png */,
				3A0B8C44239E6337003BBEDC /* map_present_tracking.png */,
				3A0B8C45239E6337003BBEDC /* map_pin_red.png */,
				3A0B8C46239E6337003BBEDC /* Headers */,
				3A0B8C4F239E6337003BBEDC /* info_box.png */,
				3A0B8C50239E6337003BBEDC /* point_sprite.png */,
				3A0B8C51239E6337003BBEDC /* map_pinup_custom.png */,
				3A0B8C52239E6337003BBEDC /* info_box_tail.png */,
				3A0B8C53239E6337003BBEDC /* noimage256.png */,
				3A0B8C54239E6337003BBEDC /* map_present_direction.png */,
				3A0B8C55239E6337003BBEDC /* map_pin.png */,
				3A0B8C56239E6337003BBEDC /* map_present.png */,
				3A0B8C57239E6337003BBEDC /* noimage.png */,
				3A0B8C58239E6337003BBEDC /* map_present_background_update.png */,
				3A0B8C59239E6337003BBEDC /* daum_th_line.png */,
				3A0B8C5A239E6337003BBEDC /* map_pin_shadow.png */,
			);
			path = Resources;
			sourceTree = "<group>";
		};
		3A0B8C46239E6337003BBEDC /* Headers */ = {
			isa = PBXGroup;
			children = (
				3A0B8C47239E6337003BBEDC /* MTMapPOIItem.h */,
				3A0B8C48239E6337003BBEDC /* MTMapCameraUpdate.h */,
				3A0B8C49239E6337003BBEDC /* MTMapReverseGeoCoder.h */,
				3A0B8C4A239E6337003BBEDC /* MTMapPolyline.h */,
				3A0B8C4B239E6337003BBEDC /* MTMapLocationMarkerItem.h */,
				3A0B8C4C239E6337003BBEDC /* MTMapView.h */,
				3A0B8C4D239E6337003BBEDC /* MTMapGeometry.h */,
				3A0B8C4E239E6337003BBEDC /* MTMapCircle.h */,
			);
			path = Headers;
			sourceTree = "<group>";
		};
		3A0B8C78239E63B1003BBEDC /* Frameworks */ = {
			isa = PBXGroup;
			children = (
				3A6E26E923B65E52005ED418 /* KakaoOpenSDK.framework */,
				3A0B8C85239E63F7003BBEDC /* libsqlite3.tbd */,
				3A0B8C83239E63E6003BBEDC /* libxml2.tbd */,
				3A0B8C81239E63D7003BBEDC /* libc++.tbd */,
				3A0B8C7F239E63CE003BBEDC /* QuartzCore.framework */,
				3A0B8C7D239E63C4003BBEDC /* CoreLocation.framework */,
				3A0B8C7B239E63BB003BBEDC /* SystemConfiguration.framework */,
				3A0B8C79239E63B1003BBEDC /* OpenGLES.framework */,
				69EEA5B9EEC933A9AEEB2822 /* Pods_Viewable.framework */,
			);
			name = Frameworks;
			sourceTree = "<group>";
		};
		3A0B8C88239E7561003BBEDC /* Storyboard */ = {
			isa = PBXGroup;
			children = (
				3A0B8C26239E5197003BBEDC /* Main.storyboard */,
				3A0B8C8F23A32520003BBEDC /* Map.storyboard */,
				3A8CD19C23B8A988007BC30D /* BuildingView.xib */,
				3A57E89A23B4F0DD0082597D /* ARView.xib */,
				3A3BE5EF23BC6BE9004CC342 /* ARView2.xib */,
				3A0B8C2B239E5198003BBEDC /* LaunchScreen.storyboard */,
				EEB32E4E23A92398001988D7 /* UIStoreCell.xib */,
				8024427723B61F0C004CE0E2 /* Report.storyboard */,
				80F8620B23B67A5D002BE417 /* MyPage.storyboard */,
			);
			path = Storyboard;
			sourceTree = "<group>";
		};
		3A0B8C8A239E7578003BBEDC /* VC */ = {
			isa = PBXGroup;
			children = (
				EE546DB723B3962600E85574 /* Map */,
				3A0B8C9123A3434B003BBEDC /* AR */,
				8024427923B61F5E004CE0E2 /* ReportViewController.swift */,
				3A6E26EB23B660A5005ED418 /* LoginVC.swift */,
				80F8620923B679F9002BE417 /* MyPageViewController.swift */,
			);
			path = VC;
			sourceTree = "<group>";
		};
		3A0B8C8B239E75BB003BBEDC /* Util */ = {
			isa = PBXGroup;
			children = (
				EE0DA02523A7D2D00026EBAB /* Constants */,
				EE0F04F223A601C10055369C /* UI */,
				EE870F1323A614B100A11EB3 /* Utility */,
				3A6E26ED23B6674E005ED418 /* Singleton */,
			);
			path = Util;
			sourceTree = "<group>";
		};
		3A0B8C9123A3434B003BBEDC /* AR */ = {
			isa = PBXGroup;
			children = (
				3A8CD1C023B8B3DE007BC30D /* Main */,
				3A57E89C23B50BC90082597D /* ShopDetail */,
				3AECB8C623AF5BE6002F605B /* facilityInfoVC.swift */,
				3A0B8C22239E5197003BBEDC /* Scene.swift */,
				3A489A0323B6487600FC0703 /* OneFacilityInfoVC.swift */,
				3AE96EC723B10ADD006B115D /* ShopListVC.swift */,
				3AE96EC923B1114B006B115D /* ShopListTVCell.swift */,
				3A0B8C20239E5197003BBEDC /* Scene.sks */,
				3AECB8CC23AF8D25002F605B /* ShopfilterVC.swift */,
			);
			path = AR;
			sourceTree = "<group>";
		};
		3A57E89C23B50BC90082597D /* ShopDetail */ = {
			isa = PBXGroup;
			children = (
				3AECB8C823AF63FB002F605B /* ShopDetailVC.swift */,
				3A57E89D23B50D570082597D /* TableViewCell.swift */,
				3AECB8CA23AF68D3002F605B /* ShopDetailCVCell.swift */,
				3A4899FF23B638C600FC0703 /* DynamicHeightCollectionView.swift */,
				3A489A0123B639A700FC0703 /* CollectionViewFlowLayout.swift */,
			);
			path = ShopDetail;
			sourceTree = "<group>";
		};
		3A6E26ED23B6674E005ED418 /* Singleton */ = {
			isa = PBXGroup;
			children = (
				3A6E26EE23B66767005ED418 /* HttpResponseCode.swift */,
				3A6E26F023B66783005ED418 /* enums.swift */,
			);
			path = Singleton;
			sourceTree = "<group>";
		};
		3A6E26F823B66D3C005ED418 /* Service */ = {
			isa = PBXGroup;
			children = (
				3A6E26F923B66D58005ED418 /* ARService.swift */,
				3A8CD19423B6A049007BC30D /* FilterService.swift */,
				3A8CD19823B6A5A5007BC30D /* ShopService.swift */,
				3A8CD19623B6A44E007BC30D /* BuildingService.swift */,
				3A8CD1C723B8D8FA007BC30D /* ListService.swift */,
				80F8620323B672D7002BE417 /* ReportService.swift */,
				80F8620F23B68A54002BE417 /* MyPageService.swift */,
				80F8621523B69D53002BE417 /* SearchService.swift */,
			);
			path = Service;
			sourceTree = "<group>";
		};
		3A8CD1C023B8B3DE007BC30D /* Main */ = {
			isa = PBXGroup;
			children = (
				3A8CD19A23B8920F007BC30D /* ARView.swift */,
				3A0B8C24239E5197003BBEDC /* ViewController.swift */,
			);
			path = Main;
			sourceTree = "<group>";
		};
		3ACEB31623AF55A30025F649 /* Recovered References */ = {
			isa = PBXGroup;
			children = (
				EE0DA02023A7D1570026EBAB /* StoreInformationViewController.swift */,
				EE870F1823A6373D00A11EB3 /* SearchViewController.swift */,
				EEBD742B23A7E275001C76FE /* SearchResultViewController.swift */,
				3A6E26F423B6685C005ED418 /* PostableService.swift */,
				3A6E26F223B6683A005ED418 /* GettableService.swift */,
				3A6E26E723B65C88005ED418 /* APIService.swift */,
			);
			name = "Recovered References";
			sourceTree = "<group>";
		};
		7EB0E91F7E8CD7297BFAB139 /* Pods */ = {
			isa = PBXGroup;
			children = (
				81C175825A6BA4D89981719C /* Pods-Viewable.debug.xcconfig */,
				71D29E825643FAC7ECDAC90D /* Pods-Viewable.release.xcconfig */,
			);
			path = Pods;
			sourceTree = "<group>";
		};
		EE0DA02223A7D1B50026EBAB /* Model */ = {
			isa = PBXGroup;
			children = (
				EE0DA02323A7D1C60026EBAB /* StoreInformation.swift */,
				EE0AC77823B3AA68003BE41B /* Category.swift */,
				EE0AC77A23B3AB54003BE41B /* Facilitie.swift */,
				3A8CD1C323B8D8A0007BC30D /* ListVO.swift */,
				3A6E26F623B66CF0005ED418 /* ArVO.swift */,
				3A8CD19223B6A000007BC30D /* ShopInfo.swift */,
				3A8CD19023B69FA5007BC30D /* BuildInfo.swift */,
				3A8CD18E23B69F42007BC30D /* FilterVO.swift */,
				80F8620523B673D6002BE417 /* ReportVO.swift */,
				80F8621123B68A81002BE417 /* MyPageVO.swift */,
				80F8621723B69D73002BE417 /* SearchVO.swift */,
			);
			path = Model;
			sourceTree = "<group>";
		};
		EE0DA02523A7D2D00026EBAB /* Constants */ = {
			isa = PBXGroup;
			children = (
				EE0DA02623A7D2E30026EBAB /* Constants.swift */,
			);
			path = Constants;
			sourceTree = "<group>";
		};
		EE0F04F223A601C10055369C /* UI */ = {
			isa = PBXGroup;
			children = (
				3A3BE5ED23BC52D8004CC342 /* SearchResultViewController.swift */,
				EE546DBA23B3962600E85574 /* UISearchResultCell.swift */,
				EE0F04F323A601D50055369C /* UIRadiusImageView.swift */,
				EE870F0E23A610FC00A11EB3 /* UIRadiusButton.swift */,
				EE870F1623A6262800A11EB3 /* UICategoryViewCell.swift */,
				EE0DA01E23A7D1370026EBAB /* UIStoreCell.swift */,
				EE0DA02823A7D4DA0026EBAB /* UIRadiusView.swift */,
				EE546DBE23B3A5F900E85574 /* UIToggleButton.swift */,
				8024427B23B637DC004CE0E2 /* UIReportTextView.swift */,
				80F8620D23B68396002BE417 /* UIReportHistoryCell.swift */,
			);
			path = UI;
			sourceTree = "<group>";
		};
		EE546DB723B3962600E85574 /* Map */ = {
			isa = PBXGroup;
			children = (
				EE546DB823B3962600E85574 /* SearchViewController.swift */,
				80F8621923B6A078002BE417 /* SearchResultViewController.swift */,
				EE546DB923B3962600E85574 /* StoreInformationViewController.swift */,
				803B341F23BA3BFE004C7B9D /* RecommandDetailViewController.swift */,
			);
			path = Map;
			sourceTree = "<group>";
		};
		EE870F1323A614B100A11EB3 /* Utility */ = {
			isa = PBXGroup;
			children = (
				80F8620123B672BF002BE417 /* APIService.swift */,
				80F861FF23B672BA002BE417 /* GettableService.swift */,
				80F861FD23B672B5002BE417 /* PostableService.swift */,
				3A8CD1C123B8D184007BC30D /* SendData.swift */,
				EE870F1423A614B100A11EB3 /* FloatExtension.swift */,
				EEB32E5223A92D77001988D7 /* MTMapViewExtension.swift */,
				3ACA999323B67AA3007DBC14 /* APIConstants.swift */,
				8024427D23B65BEF004CE0E2 /* UIViewControllerExtension.swift */,
				80F8621323B6993F002BE417 /* UIViewImageExtension.swift */,
			);
			path = Utility;
			sourceTree = "<group>";
		};
/* End PBXGroup section */

/* Begin PBXNativeTarget section */
		3A0B8C1A239E5197003BBEDC /* Viewable */ = {
			isa = PBXNativeTarget;
			buildConfigurationList = 3A0B8C31239E5198003BBEDC /* Build configuration list for PBXNativeTarget "Viewable" */;
			buildPhases = (
				B24DEC4BA0C93FF8D780DD71 /* [CP] Check Pods Manifest.lock */,
				3A0B8C17239E5197003BBEDC /* Sources */,
				3A0B8C18239E5197003BBEDC /* Frameworks */,
				3A0B8C19239E5197003BBEDC /* Resources */,
				A0268B5007C955AA72A2FFEE /* [CP] Embed Pods Frameworks */,
			);
			buildRules = (
			);
			dependencies = (
			);
			name = Viewable;
			productName = Viewable;
			productReference = 3A0B8C1B239E5197003BBEDC /* Viewable.app */;
			productType = "com.apple.product-type.application";
		};
/* End PBXNativeTarget section */

/* Begin PBXProject section */
		3A0B8C13239E5197003BBEDC /* Project object */ = {
			isa = PBXProject;
			attributes = {
				LastSwiftUpdateCheck = 1100;
				LastUpgradeCheck = 1100;
				ORGANIZATIONNAME = Yeaeun;
				TargetAttributes = {
					3A0B8C1A239E5197003BBEDC = {
						CreatedOnToolsVersion = 11.0;
					};
				};
			};
			buildConfigurationList = 3A0B8C16239E5197003BBEDC /* Build configuration list for PBXProject "Viewable" */;
			compatibilityVersion = "Xcode 9.3";
			developmentRegion = en;
			hasScannedForEncodings = 0;
			knownRegions = (
				en,
				Base,
			);
			mainGroup = 3A0B8C12239E5197003BBEDC;
			productRefGroup = 3A0B8C1C239E5197003BBEDC /* Products */;
			projectDirPath = "";
			projectRoot = "";
			targets = (
				3A0B8C1A239E5197003BBEDC /* Viewable */,
			);
		};
/* End PBXProject section */

/* Begin PBXResourcesBuildPhase section */
		3A0B8C19239E5197003BBEDC /* Resources */ = {
			isa = PBXResourcesBuildPhase;
			buildActionMask = 2147483647;
			files = (
				3A0B8C5E239E6337003BBEDC /* shadow_balloon.png in Resources */,
				3A0B8C64239E6337003BBEDC /* copyright.png in Resources */,
				3A0B8C72239E6337003BBEDC /* map_present.png in Resources */,
				3A0B8C9023A32520003BBEDC /* Map.storyboard in Resources */,
				3A0B8C6A239E6337003BBEDC /* map_pin_red.png in Resources */,
				3A0B8C76239E6337003BBEDC /* map_pin_shadow.png in Resources */,
				3A0B8C5F239E6337003BBEDC /* map_pinup.png in Resources */,
				3A0B8C66239E6337003BBEDC /* map_pin_red@3x.png in Resources */,
				3A0B8C67239E6337003BBEDC /* daum_copyright.png in Resources */,
				3A0B8C69239E6337003BBEDC /* map_present_tracking.png in Resources */,
				3A0B8C75239E6337003BBEDC /* daum_th_line.png in Resources */,
				3A0B8C68239E6337003BBEDC /* map_pin@3x.png in Resources */,
				3A0B8C21239E5197003BBEDC /* Scene.sks in Resources */,
				3A0B8C60239E6337003BBEDC /* detail_button.png in Resources */,
				3A0B8C65239E6337003BBEDC /* th_line.png in Resources */,
				3A8CD19D23B8A988007BC30D /* BuildingView.xib in Resources */,
				3A0B8C74239E6337003BBEDC /* map_present_background_update.png in Resources */,
				3A0B8C6B239E6337003BBEDC /* info_box.png in Resources */,
				3A3BE5F023BC6BE9004CC342 /* ARView2.xib in Resources */,
				3A0B8C6D239E6337003BBEDC /* map_pinup_custom.png in Resources */,
				3A0B8C73239E6337003BBEDC /* noimage.png in Resources */,
				3A0B8C2D239E5198003BBEDC /* LaunchScreen.storyboard in Resources */,
				3A0B8C6E239E6337003BBEDC /* info_box_tail.png in Resources */,
				3A57E89B23B4F0DD0082597D /* ARView.xib in Resources */,
				3A0B8C70239E6337003BBEDC /* map_present_direction.png in Resources */,
				3A0B8C2A239E5198003BBEDC /* Assets.xcassets in Resources */,
				3A0B8C28239E5197003BBEDC /* Main.storyboard in Resources */,
				3A0B8C71239E6337003BBEDC /* map_pin.png in Resources */,
				EEB32E4F23A92398001988D7 /* UIStoreCell.xib in Resources */,
				3A0B8C62239E6337003BBEDC /* map_pinup@3x.png in Resources */,
				3A0B8C63239E6337003BBEDC /* map_pin_shadow@3x.png in Resources */,
				3A6E26E423B65984005ED418 /* Report.storyboard in Resources */,
				3A0B8C61239E6337003BBEDC /* map_pin_custom@3x.png in Resources */,
				80F8620C23B67A5D002BE417 /* MyPage.storyboard in Resources */,
				3A0B8C5C239E6337003BBEDC /* map_pinup_custom@3x.png in Resources */,
				3A0B8C5D239E6337003BBEDC /* map_pin_custom.png in Resources */,
				3A0B8C6F239E6337003BBEDC /* noimage256.png in Resources */,
				3A0B8C6C239E6337003BBEDC /* point_sprite.png in Resources */,
			);
			runOnlyForDeploymentPostprocessing = 0;
		};
/* End PBXResourcesBuildPhase section */

/* Begin PBXShellScriptBuildPhase section */
		8B568E1CA7AAC138F273A0E1 /* [CP] Check Pods Manifest.lock */ = {
			isa = PBXShellScriptBuildPhase;
			buildActionMask = 2147483647;
			files = (
			);
			inputFileListPaths = (
			);
			inputPaths = (
				"${PODS_PODFILE_DIR_PATH}/Podfile.lock",
				"${PODS_ROOT}/Manifest.lock",
			);
			name = "[CP] Check Pods Manifest.lock";
			outputFileListPaths = (
			);
			outputPaths = (
				"$(DERIVED_FILE_DIR)/Pods-Viewable-checkManifestLockResult.txt",
			);
			runOnlyForDeploymentPostprocessing = 0;
			shellPath = /bin/sh;
			shellScript = "diff \"${PODS_PODFILE_DIR_PATH}/Podfile.lock\" \"${PODS_ROOT}/Manifest.lock\" > /dev/null\nif [ $? != 0 ] ; then\n    # print error to STDERR\n    echo \"error: The sandbox is not in sync with the Podfile.lock. Run 'pod install' or update your CocoaPods installation.\" >&2\n    exit 1\nfi\n# This output is used by Xcode 'outputs' to avoid re-running this script phase.\necho \"SUCCESS\" > \"${SCRIPT_OUTPUT_FILE_0}\"\n";
			showEnvVarsInLog = 0;
		};
		B24DEC4BA0C93FF8D780DD71 /* [CP] Check Pods Manifest.lock */ = {
			isa = PBXShellScriptBuildPhase;
			buildActionMask = 2147483647;
			files = (
			);
			inputFileListPaths = (
				"${PODS_ROOT}/Target Support Files/Pods-Viewable/Pods-Viewable-frameworks-${CONFIGURATION}-input-files.xcfilelist",
			);
			name = "[CP] Embed Pods Frameworks";
			outputFileListPaths = (
				"${PODS_ROOT}/Target Support Files/Pods-Viewable/Pods-Viewable-frameworks-${CONFIGURATION}-output-files.xcfilelist",
			);
			runOnlyForDeploymentPostprocessing = 0;
			shellPath = /bin/sh;
			shellScript = "\"${PODS_ROOT}/Target Support Files/Pods-Viewable/Pods-Viewable-frameworks.sh\"\n";
			showEnvVarsInLog = 0;
		};
/* End PBXShellScriptBuildPhase section */

/* Begin PBXSourcesBuildPhase section */
		3A0B8C17239E5197003BBEDC /* Sources */ = {
			isa = PBXSourcesBuildPhase;
			buildActionMask = 2147483647;
			files = (
				3A489A0023B638C600FC0703 /* DynamicHeightCollectionView.swift in Sources */,
				80F8620023B672BA002BE417 /* GettableService.swift in Sources */,
				3A6E26E523B6598D005ED418 /* ReportViewController.swift in Sources */,
				3A8CD19523B6A049007BC30D /* FilterService.swift in Sources */,
				3A0B8C25239E5197003BBEDC /* ViewController.swift in Sources */,
				80F8621623B69D53002BE417 /* SearchService.swift in Sources */,
				3A6E26F123B66783005ED418 /* enums.swift in Sources */,
				3A6E26FA23B66D58005ED418 /* ARService.swift in Sources */,
				3A0B8C23239E5197003BBEDC /* Scene.swift in Sources */,
				EE0DA01F23A7D1370026EBAB /* UIStoreCell.swift in Sources */,
				3AECB8C723AF5BE6002F605B /* facilityInfoVC.swift in Sources */,
				3A8CD1C423B8D8A0007BC30D /* ListVO.swift in Sources */,
				EE870F1523A614B100A11EB3 /* FloatExtension.swift in Sources */,
				80F8620A23B679F9002BE417 /* MyPageViewController.swift in Sources */,
				80F861FE23B672B5002BE417 /* PostableService.swift in Sources */,
				80F8621A23B6A078002BE417 /* SearchResultViewController.swift in Sources */,
				3A6E26F723B66CF0005ED418 /* ArVO.swift in Sources */,
				3AE96ECA23B1114B006B115D /* ShopListTVCell.swift in Sources */,
				3A57E89E23B50D570082597D /* TableViewCell.swift in Sources */,
				EE0F04F423A601D50055369C /* UIRadiusImageView.swift in Sources */,
				80F8621023B68A54002BE417 /* MyPageService.swift in Sources */,
				80F8620423B672D7002BE417 /* ReportService.swift in Sources */,
				EEB32E5323A92D77001988D7 /* MTMapViewExtension.swift in Sources */,
				3A6E26E623B659C1005ED418 /* UIReportTextView.swift in Sources */,
				3AECB8C923AF63FB002F605B /* ShopDetailVC.swift in Sources */,
				3A8CD19123B69FA5007BC30D /* BuildInfo.swift in Sources */,
				3A6E26E323B65929005ED418 /* Category.swift in Sources */,
				EE0DA02923A7D4DA0026EBAB /* UIRadiusView.swift in Sources */,
				EEBD742C23A7E275001C76FE /* SearchResultViewController.swift in Sources */,
				80F8620223B672BF002BE417 /* APIService.swift in Sources */,
				3A3BE5EE23BC52D8004CC342 /* SearchResultViewController.swift in Sources */,
				80F8621823B69D73002BE417 /* SearchVO.swift in Sources */,
				3A8CD19B23B8920F007BC30D /* ARView.swift in Sources */,
				3A6E26EC23B660A5005ED418 /* LoginVC.swift in Sources */,
				80F8621223B68A81002BE417 /* MyPageVO.swift in Sources */,
				3A489A0423B6487600FC0703 /* OneFacilityInfoVC.swift in Sources */,
				3A0B8C23239E5197003BBEDC /* Scene.swift in Sources */,
				3A6E26EF23B66767005ED418 /* HttpResponseCode.swift in Sources */,
				80F8621423B6993F002BE417 /* UIViewImageExtension.swift in Sources */,
				3A0B8C1F239E5197003BBEDC /* AppDelegate.swift in Sources */,
				EE546DBB23B3962600E85574 /* SearchViewController.swift in Sources */,
				3A8CD19323B6A000007BC30D /* ShopInfo.swift in Sources */,
				8024427E23B65BEF004CE0E2 /* UIViewControllerExtension.swift in Sources */,
				EE870F0F23A610FC00A11EB3 /* UIRadiusButton.swift in Sources */,
				3A8CD19923B6A5A5007BC30D /* ShopService.swift in Sources */,
				EE870F1723A6262800A11EB3 /* UICategoryViewCell.swift in Sources */,
				80F8620623B673D6002BE417 /* ReportVO.swift in Sources */,
				3A8CD19723B6A44E007BC30D /* BuildingService.swift in Sources */,
				3AECB8CD23AF8D25002F605B /* ShopfilterVC.swift in Sources */,
				3AE96EC823B10ADD006B115D /* ShopListVC.swift in Sources */,
				EE0DA02423A7D1C60026EBAB /* StoreInformation.swift in Sources */,
				3A8CD1C223B8D184007BC30D /* SendData.swift in Sources */,
				EE546DBF23B3A5F900E85574 /* UIToggleButton.swift in Sources */,
				3A6E26E223B65926005ED418 /* Facilitie.swift in Sources */,
				3AECB8CB23AF68D3002F605B /* ShopDetailCVCell.swift in Sources */,
				3ACA999423B67AA3007DBC14 /* APIConstants.swift in Sources */,
				3A489A0223B639A700FC0703 /* CollectionViewFlowLayout.swift in Sources */,
				EE0DA02723A7D2E30026EBAB /* Constants.swift in Sources */,
				EE546DBD23B3962600E85574 /* UISearchResultCell.swift in Sources */,
				3A8CD18F23B69F42007BC30D /* FilterVO.swift in Sources */,
				EE546DBC23B3962600E85574 /* StoreInformationViewController.swift in Sources */,
				803B342023BA3BFE004C7B9D /* RecommandDetailViewController.swift in Sources */,
				80F8620E23B68396002BE417 /* UIReportHistoryCell.swift in Sources */,
				3A8CD1C823B8D8FA007BC30D /* ListService.swift in Sources */,
			);
			runOnlyForDeploymentPostprocessing = 0;
		};
/* End PBXSourcesBuildPhase section */

/* Begin PBXVariantGroup section */
		3A0B8C26239E5197003BBEDC /* Main.storyboard */ = {
			isa = PBXVariantGroup;
			children = (
				3A0B8C27239E5197003BBEDC /* Base */,
			);
			name = Main.storyboard;
			sourceTree = "<group>";
		};
		3A0B8C2B239E5198003BBEDC /* LaunchScreen.storyboard */ = {
			isa = PBXVariantGroup;
			children = (
				3A0B8C2C239E5198003BBEDC /* Base */,
			);
			name = LaunchScreen.storyboard;
			sourceTree = "<group>";
		};
/* End PBXVariantGroup section */

/* Begin XCBuildConfiguration section */
		3A0B8C2F239E5198003BBEDC /* Debug */ = {
			isa = XCBuildConfiguration;
			buildSettings = {
				ALWAYS_SEARCH_USER_PATHS = NO;
				CLANG_ANALYZER_NONNULL = YES;
				CLANG_ANALYZER_NUMBER_OBJECT_CONVERSION = YES_AGGRESSIVE;
				CLANG_CXX_LANGUAGE_STANDARD = "gnu++14";
				CLANG_CXX_LIBRARY = "libc++";
				CLANG_ENABLE_MODULES = YES;
				CLANG_ENABLE_OBJC_ARC = YES;
				CLANG_ENABLE_OBJC_WEAK = YES;
				CLANG_WARN_BLOCK_CAPTURE_AUTORELEASING = YES;
				CLANG_WARN_BOOL_CONVERSION = YES;
				CLANG_WARN_COMMA = YES;
				CLANG_WARN_CONSTANT_CONVERSION = YES;
				CLANG_WARN_DEPRECATED_OBJC_IMPLEMENTATIONS = YES;
				CLANG_WARN_DIRECT_OBJC_ISA_USAGE = YES_ERROR;
				CLANG_WARN_DOCUMENTATION_COMMENTS = YES;
				CLANG_WARN_EMPTY_BODY = YES;
				CLANG_WARN_ENUM_CONVERSION = YES;
				CLANG_WARN_INFINITE_RECURSION = YES;
				CLANG_WARN_INT_CONVERSION = YES;
				CLANG_WARN_NON_LITERAL_NULL_CONVERSION = YES;
				CLANG_WARN_OBJC_IMPLICIT_RETAIN_SELF = YES;
				CLANG_WARN_OBJC_LITERAL_CONVERSION = YES;
				CLANG_WARN_OBJC_ROOT_CLASS = YES_ERROR;
				CLANG_WARN_RANGE_LOOP_ANALYSIS = YES;
				CLANG_WARN_STRICT_PROTOTYPES = YES;
				CLANG_WARN_SUSPICIOUS_MOVE = YES;
				CLANG_WARN_UNGUARDED_AVAILABILITY = YES_AGGRESSIVE;
				CLANG_WARN_UNREACHABLE_CODE = YES;
				CLANG_WARN__DUPLICATE_METHOD_MATCH = YES;
				COPY_PHASE_STRIP = NO;
				DEBUG_INFORMATION_FORMAT = dwarf;
				ENABLE_STRICT_OBJC_MSGSEND = YES;
				ENABLE_TESTABILITY = YES;
				GCC_C_LANGUAGE_STANDARD = gnu11;
				GCC_DYNAMIC_NO_PIC = NO;
				GCC_NO_COMMON_BLOCKS = YES;
				GCC_OPTIMIZATION_LEVEL = 0;
				GCC_PREPROCESSOR_DEFINITIONS = (
					"DEBUG=1",
					"$(inherited)",
				);
				GCC_WARN_64_TO_32_BIT_CONVERSION = YES;
				GCC_WARN_ABOUT_RETURN_TYPE = YES_ERROR;
				GCC_WARN_UNDECLARED_SELECTOR = YES;
				GCC_WARN_UNINITIALIZED_AUTOS = YES_AGGRESSIVE;
				GCC_WARN_UNUSED_FUNCTION = YES;
				GCC_WARN_UNUSED_VARIABLE = YES;
				IPHONEOS_DEPLOYMENT_TARGET = 13.0;
				MTL_ENABLE_DEBUG_INFO = INCLUDE_SOURCE;
				MTL_FAST_MATH = YES;
				ONLY_ACTIVE_ARCH = YES;
				SDKROOT = iphoneos;
				SWIFT_ACTIVE_COMPILATION_CONDITIONS = DEBUG;
				SWIFT_OPTIMIZATION_LEVEL = "-Onone";
			};
			name = Debug;
		};
		3A0B8C30239E5198003BBEDC /* Release */ = {
			isa = XCBuildConfiguration;
			buildSettings = {
				ALWAYS_SEARCH_USER_PATHS = NO;
				CLANG_ANALYZER_NONNULL = YES;
				CLANG_ANALYZER_NUMBER_OBJECT_CONVERSION = YES_AGGRESSIVE;
				CLANG_CXX_LANGUAGE_STANDARD = "gnu++14";
				CLANG_CXX_LIBRARY = "libc++";
				CLANG_ENABLE_MODULES = YES;
				CLANG_ENABLE_OBJC_ARC = YES;
				CLANG_ENABLE_OBJC_WEAK = YES;
				CLANG_WARN_BLOCK_CAPTURE_AUTORELEASING = YES;
				CLANG_WARN_BOOL_CONVERSION = YES;
				CLANG_WARN_COMMA = YES;
				CLANG_WARN_CONSTANT_CONVERSION = YES;
				CLANG_WARN_DEPRECATED_OBJC_IMPLEMENTATIONS = YES;
				CLANG_WARN_DIRECT_OBJC_ISA_USAGE = YES_ERROR;
				CLANG_WARN_DOCUMENTATION_COMMENTS = YES;
				CLANG_WARN_EMPTY_BODY = YES;
				CLANG_WARN_ENUM_CONVERSION = YES;
				CLANG_WARN_INFINITE_RECURSION = YES;
				CLANG_WARN_INT_CONVERSION = YES;
				CLANG_WARN_NON_LITERAL_NULL_CONVERSION = YES;
				CLANG_WARN_OBJC_IMPLICIT_RETAIN_SELF = YES;
				CLANG_WARN_OBJC_LITERAL_CONVERSION = YES;
				CLANG_WARN_OBJC_ROOT_CLASS = YES_ERROR;
				CLANG_WARN_RANGE_LOOP_ANALYSIS = YES;
				CLANG_WARN_STRICT_PROTOTYPES = YES;
				CLANG_WARN_SUSPICIOUS_MOVE = YES;
				CLANG_WARN_UNGUARDED_AVAILABILITY = YES_AGGRESSIVE;
				CLANG_WARN_UNREACHABLE_CODE = YES;
				CLANG_WARN__DUPLICATE_METHOD_MATCH = YES;
				COPY_PHASE_STRIP = NO;
				DEBUG_INFORMATION_FORMAT = "dwarf-with-dsym";
				ENABLE_NS_ASSERTIONS = NO;
				ENABLE_STRICT_OBJC_MSGSEND = YES;
				GCC_C_LANGUAGE_STANDARD = gnu11;
				GCC_NO_COMMON_BLOCKS = YES;
				GCC_WARN_64_TO_32_BIT_CONVERSION = YES;
				GCC_WARN_ABOUT_RETURN_TYPE = YES_ERROR;
				GCC_WARN_UNDECLARED_SELECTOR = YES;
				GCC_WARN_UNINITIALIZED_AUTOS = YES_AGGRESSIVE;
				GCC_WARN_UNUSED_FUNCTION = YES;
				GCC_WARN_UNUSED_VARIABLE = YES;
				IPHONEOS_DEPLOYMENT_TARGET = 13.0;
				MTL_ENABLE_DEBUG_INFO = NO;
				MTL_FAST_MATH = YES;
				SDKROOT = iphoneos;
				SWIFT_COMPILATION_MODE = wholemodule;
				SWIFT_OPTIMIZATION_LEVEL = "-O";
				VALIDATE_PRODUCT = YES;
			};
			name = Release;
		};
		3A0B8C32239E5198003BBEDC /* Debug */ = {
			isa = XCBuildConfiguration;
			baseConfigurationReference = 81C175825A6BA4D89981719C /* Pods-Viewable.debug.xcconfig */;
			buildSettings = {
				ASSETCATALOG_COMPILER_APPICON_NAME = AppIcon;
				CLANG_ENABLE_OBJC_ARC = NO;
				CODE_SIGN_STYLE = Automatic;
				DEVELOPMENT_TEAM = C99ST777A5;
				FRAMEWORK_SEARCH_PATHS = (
					"$(inherited)",
					"$(PROJECT_DIR)/DaumMap.embeddedframework",
					"$(PROJECT_DIR)",
				);
				INFOPLIST_FILE = Viewable/Info.plist;
				LD_RUNPATH_SEARCH_PATHS = (
					"$(inherited)",
					"@executable_path/Frameworks",
				);
				OTHER_LDFLAGS = (
					"$(inherited)",
					"-framework",
					"\"ARCL\"",
					"-framework",
					"\"CoreLocation\"",
					"-framework",
					"\"Foundation\"",
					"-framework",
					"\"MapKit\"",
					"-framework",
					"\"SceneKit\"",
					"-framework",
					"\"UIKit\"",
					"-weak_framework",
					"\"ARKit\"",
					"-force_load",
					"$(SRCROOT)/KakaoOpenSDK.framework/KakaoOpenSDK",
				);
				PRODUCT_BUNDLE_IDENTIFIER = com.yeaeun.Viewable;
				PRODUCT_NAME = "$(TARGET_NAME)";
				SWIFT_OBJC_BRIDGING_HEADER = "$(SRCROOT)/$(PROJECT_NAME)/Bridging_Header.h";
				SWIFT_VERSION = 5.0;
				TARGETED_DEVICE_FAMILY = "1,2";
			};
			name = Debug;
		};
		3A0B8C33239E5198003BBEDC /* Release */ = {
			isa = XCBuildConfiguration;
			baseConfigurationReference = 71D29E825643FAC7ECDAC90D /* Pods-Viewable.release.xcconfig */;
			buildSettings = {
				ASSETCATALOG_COMPILER_APPICON_NAME = AppIcon;
				CLANG_ENABLE_OBJC_ARC = NO;
				CODE_SIGN_STYLE = Automatic;
				DEVELOPMENT_TEAM = C99ST777A5;
				FRAMEWORK_SEARCH_PATHS = (
					"$(inherited)",
					"$(PROJECT_DIR)/DaumMap.embeddedframework",
					"$(PROJECT_DIR)",
				);
				INFOPLIST_FILE = Viewable/Info.plist;
				LD_RUNPATH_SEARCH_PATHS = (
					"$(inherited)",
					"@executable_path/Frameworks",
				);
				OTHER_LDFLAGS = (
					"$(inherited)",
					"-framework",
					"\"ARCL\"",
					"-framework",
					"\"CoreLocation\"",
					"-framework",
					"\"Foundation\"",
					"-framework",
					"\"MapKit\"",
					"-framework",
					"\"SceneKit\"",
					"-framework",
					"\"UIKit\"",
					"-weak_framework",
					"\"ARKit\"",
					"-force_load",
					"$(SRCROOT)/KakaoOpenSDK.framework/KakaoOpenSDK",
				);
				PRODUCT_BUNDLE_IDENTIFIER = com.yeaeun.Viewable;
				PRODUCT_NAME = "$(TARGET_NAME)";
				SWIFT_OBJC_BRIDGING_HEADER = "$(SRCROOT)/$(PROJECT_NAME)/Bridging_Header.h";
				SWIFT_VERSION = 5.0;
				TARGETED_DEVICE_FAMILY = "1,2";
			};
			name = Release;
		};
/* End XCBuildConfiguration section */

/* Begin XCConfigurationList section */
		3A0B8C16239E5197003BBEDC /* Build configuration list for PBXProject "Viewable" */ = {
			isa = XCConfigurationList;
			buildConfigurations = (
				3A0B8C2F239E5198003BBEDC /* Debug */,
				3A0B8C30239E5198003BBEDC /* Release */,
			);
			defaultConfigurationIsVisible = 0;
			defaultConfigurationName = Release;
		};
		3A0B8C31239E5198003BBEDC /* Build configuration list for PBXNativeTarget "Viewable" */ = {
			isa = XCConfigurationList;
			buildConfigurations = (
				3A0B8C32239E5198003BBEDC /* Debug */,
				3A0B8C33239E5198003BBEDC /* Release */,
			);
			defaultConfigurationIsVisible = 0;
			defaultConfigurationName = Release;
		};
/* End XCConfigurationList section */
	};
	rootObject = 3A0B8C13239E5197003BBEDC /* Project object */;
}
